
Microsoft Visual Studio Solution File, Format Version 12.00
# Visual Studio Version 17
VisualStudioVersion = 17.7.34202.233
MinimumVisualStudioVersion = 10.0.40219.1
Project("{FAE04EC0-301F-11D3-BF4B-00C04F79EFBC}") = "vize", "vize.csproj", "{2EF449EA-22A5-44CB-985D-4ED3E498D7F9}"
EndProject
Global
	GlobalSection(SolutionConfigurationPlatforms) = preSolution
		Debug|Any CPU = Debug|Any CPU
		Release|Any CPU = Release|Any CPU
	EndGlobalSection
	GlobalSection(ProjectConfigurationPlatforms) = postSolution
		{2EF449EA-22A5-44CB-985D-4ED3E498D7F9}.Debug|Any CPU.ActiveCfg = Debug|Any CPU
		{2EF449EA-22A5-44CB-985D-4ED3E498D7F9}.Debug|Any CPU.Build.0 = Debug|Any CPU
		{2EF449EA-22A5-44CB-985D-4ED3E498D7F9}.Release|Any CPU.ActiveCfg = Release|Any CPU
		{2EF449EA-22A5-44CB-985D-4ED3E498D7F9}.Release|Any CPU.Build.0 = Release|Any CPU
	EndGlobalSection
	GlobalSection(SolutionProperties) = preSolution
		HideSolutionNode = FALSE
	EndGlobalSection
	GlobalSection(ExtensibilityGlobals) = postSolution
		SolutionGuid = {1D9E4D43-E807-4E49-8B88-DEFA7749E820}
	EndGlobalSection
EndGlobal
